// !$*UTF8*$!
{
	archiveVersion = 1;
	classes = {
	};
	objectVersion = 56;
	objects = {

/* Begin PBXBuildFile section */
		A41F8BED29A141E200F1B9DC /* functions.cpp in Sources */ = {isa = PBXBuildFile; fileRef = A41F8BEB29A141E200F1B9DC /* functions.cpp */; };
		A41F8BF729A158A700F1B9DC /* main.cpp in Sources */ = {isa = PBXBuildFile; fileRef = A41F8BF629A158A700F1B9DC /* main.cpp */; };
		A41F8BFE29A22C8500F1B9DC /* functions.cpp in Sources */ = {isa = PBXBuildFile; fileRef = A41F8BFC29A22C8500F1B9DC /* functions.cpp */; };
		A4DAB91E299D2BED00417DDF /* main.cpp in Sources */ = {isa = PBXBuildFile; fileRef = A4DAB91D299D2BED00417DDF /* main.cpp */; };
		A4DAB92A29A13D2300417DDF /* functions.cpp in Sources */ = {isa = PBXBuildFile; fileRef = A4DAB92829A13D2300417DDF /* functions.cpp */; };
		A4DAB93329A1408B00417DDF /* main.cpp in Sources */ = {isa = PBXBuildFile; fileRef = A4DAB93229A1408B00417DDF /* main.cpp */; };
/* End PBXBuildFile section */

/* Begin PBXCopyFilesBuildPhase section */
		A41F8BF229A158A700F1B9DC /* CopyFiles */ = {
			isa = PBXCopyFilesBuildPhase;
			buildActionMask = 2147483647;
			dstPath = /usr/share/man/man1/;
			dstSubfolderSpec = 0;
			files = (
			);
			runOnlyForDeploymentPostprocessing = 1;
		};
		A4DAB919299D2BED00417DDF /* CopyFiles */ = {
			isa = PBXCopyFilesBuildPhase;
			buildActionMask = 2147483647;
			dstPath = /usr/share/man/man1/;
			dstSubfolderSpec = 0;
			files = (
			);
			runOnlyForDeploymentPostprocessing = 1;
		};
		A4DAB92E29A1408B00417DDF /* CopyFiles */ = {
			isa = PBXCopyFilesBuildPhase;
			buildActionMask = 2147483647;
			dstPath = /usr/share/man/man1/;
			dstSubfolderSpec = 0;
			files = (
			);
			runOnlyForDeploymentPostprocessing = 1;
		};
/* End PBXCopyFilesBuildPhase section */

/* Begin PBXFileReference section */
		A41F8BEB29A141E200F1B9DC /* functions.cpp */ = {isa = PBXFileReference; lastKnownFileType = sourcecode.cpp.cpp; path = functions.cpp; sourceTree = "<group>"; };
		A41F8BEC29A141E200F1B9DC /* functions.hpp */ = {isa = PBXFileReference; lastKnownFileType = sourcecode.cpp.h; path = functions.hpp; sourceTree = "<group>"; };
		A41F8BEF29A1425C00F1B9DC /* structures.h */ = {isa = PBXFileReference; lastKnownFileType = sourcecode.c.h; path = structures.h; sourceTree = "<group>"; };
		A41F8BF429A158A700F1B9DC /* Number 1_3 */ = {isa = PBXFileReference; explicitFileType = "compiled.mach-o.executable"; includeInIndex = 0; path = "Number 1_3"; sourceTree = BUILT_PRODUCTS_DIR; };
		A41F8BF629A158A700F1B9DC /* main.cpp */ = {isa = PBXFileReference; lastKnownFileType = sourcecode.cpp.cpp; path = main.cpp; sourceTree = "<group>"; };
		A41F8BFB29A22C5100F1B9DC /* structures.h */ = {isa = PBXFileReference; lastKnownFileType = sourcecode.c.h; path = structures.h; sourceTree = "<group>"; };
		A41F8BFC29A22C8500F1B9DC /* functions.cpp */ = {isa = PBXFileReference; lastKnownFileType = sourcecode.cpp.cpp; path = functions.cpp; sourceTree = "<group>"; };
		A41F8BFD29A22C8500F1B9DC /* functions.hpp */ = {isa = PBXFileReference; lastKnownFileType = sourcecode.cpp.h; path = functions.hpp; sourceTree = "<group>"; };
		A4DAB91B299D2BED00417DDF /* Number 1 */ = {isa = PBXFileReference; explicitFileType = "compiled.mach-o.executable"; includeInIndex = 0; path = "Number 1"; sourceTree = BUILT_PRODUCTS_DIR; };
		A4DAB91D299D2BED00417DDF /* main.cpp */ = {isa = PBXFileReference; lastKnownFileType = sourcecode.cpp.cpp; path = main.cpp; sourceTree = "<group>"; };
		A4DAB92729A1396400417DDF /* structures.h */ = {isa = PBXFileReference; lastKnownFileType = sourcecode.c.h; path = structures.h; sourceTree = "<group>"; };
		A4DAB92829A13D2300417DDF /* functions.cpp */ = {isa = PBXFileReference; lastKnownFileType = sourcecode.cpp.cpp; path = functions.cpp; sourceTree = "<group>"; };
		A4DAB92929A13D2300417DDF /* functions.h */ = {isa = PBXFileReference; lastKnownFileType = sourcecode.c.h; path = functions.h; sourceTree = "<group>"; };
		A4DAB92B29A13FB400417DDF /* README.md */ = {isa = PBXFileReference; lastKnownFileType = net.daringfireball.markdown; path = README.md; sourceTree = "<group>"; };
		A4DAB93029A1408B00417DDF /* Number 1_2 */ = {isa = PBXFileReference; explicitFileType = "compiled.mach-o.executable"; includeInIndex = 0; path = "Number 1_2"; sourceTree = BUILT_PRODUCTS_DIR; };
		A4DAB93229A1408B00417DDF /* main.cpp */ = {isa = PBXFileReference; lastKnownFileType = sourcecode.cpp.cpp; path = main.cpp; sourceTree = "<group>"; };
/* End PBXFileReference section */

/* Begin PBXFrameworksBuildPhase section */
		A41F8BF129A158A700F1B9DC /* Frameworks */ = {
			isa = PBXFrameworksBuildPhase;
			buildActionMask = 2147483647;
			files = (
			);
			runOnlyForDeploymentPostprocessing = 0;
		};
		A4DAB918299D2BED00417DDF /* Frameworks */ = {
			isa = PBXFrameworksBuildPhase;
			buildActionMask = 2147483647;
			files = (
			);
			runOnlyForDeploymentPostprocessing = 0;
		};
		A4DAB92D29A1408B00417DDF /* Frameworks */ = {
			isa = PBXFrameworksBuildPhase;
			buildActionMask = 2147483647;
			files = (
			);
			runOnlyForDeploymentPostprocessing = 0;
		};
/* End PBXFrameworksBuildPhase section */

/* Begin PBXGroup section */
		A41F8BF529A158A700F1B9DC /* Number 1_3 */ = {
			isa = PBXGroup;
			children = (
				A41F8BF629A158A700F1B9DC /* main.cpp */,
				A41F8BFB29A22C5100F1B9DC /* structures.h */,
				A41F8BFC29A22C8500F1B9DC /* functions.cpp */,
				A41F8BFD29A22C8500F1B9DC /* functions.hpp */,
			);
			path = "Number 1_3";
			sourceTree = "<group>";
		};
		A4DAB904299D2B8C00417DDF = {
			isa = PBXGroup;
			children = (
				A4DAB91C299D2BED00417DDF /* Number 1_1 */,
				A4DAB93129A1408B00417DDF /* Number 1_2 */,
				A41F8BF529A158A700F1B9DC /* Number 1_3 */,
				A4DAB90E299D2B8C00417DDF /* Products */,
			);
			sourceTree = "<group>";
		};
		A4DAB90E299D2B8C00417DDF /* Products */ = {
			isa = PBXGroup;
			children = (
				A4DAB91B299D2BED00417DDF /* Number 1 */,
				A4DAB93029A1408B00417DDF /* Number 1_2 */,
				A41F8BF429A158A700F1B9DC /* Number 1_3 */,
			);
			name = Products;
			sourceTree = "<group>";
		};
		A4DAB91C299D2BED00417DDF /* Number 1_1 */ = {
			isa = PBXGroup;
			children = (
				A4DAB91D299D2BED00417DDF /* main.cpp */,
				A4DAB92729A1396400417DDF /* structures.h */,
				A4DAB92829A13D2300417DDF /* functions.cpp */,
				A4DAB92929A13D2300417DDF /* functions.h */,
				A4DAB92B29A13FB400417DDF /* README.md */,
			);
			path = "Number 1_1";
			sourceTree = "<group>";
		};
		A4DAB93129A1408B00417DDF /* Number 1_2 */ = {
			isa = PBXGroup;
			children = (
				A4DAB93229A1408B00417DDF /* main.cpp */,
				A41F8BEB29A141E200F1B9DC /* functions.cpp */,
				A41F8BEC29A141E200F1B9DC /* functions.hpp */,
				A41F8BEF29A1425C00F1B9DC /* structures.h */,
			);
			path = "Number 1_2";
			sourceTree = "<group>";
		};
/* End PBXGroup section */

/* Begin PBXNativeTarget section */
		A41F8BF329A158A700F1B9DC /* Number 1_3 */ = {
			isa = PBXNativeTarget;
			buildConfigurationList = A41F8BF829A158A700F1B9DC /* Build configuration list for PBXNativeTarget "Number 1_3" */;
			buildPhases = (
				A41F8BF029A158A700F1B9DC /* Sources */,
				A41F8BF129A158A700F1B9DC /* Frameworks */,
				A41F8BF229A158A700F1B9DC /* CopyFiles */,
			);
			buildRules = (
			);
			dependencies = (
			);
			name = "Number 1_3";
			productName = "Number 1_3";
			productReference = A41F8BF429A158A700F1B9DC /* Number 1_3 */;
			productType = "com.apple.product-type.tool";
		};
		A4DAB91A299D2BED00417DDF /* Number 1 */ = {
			isa = PBXNativeTarget;
			buildConfigurationList = A4DAB91F299D2BED00417DDF /* Build configuration list for PBXNativeTarget "Number 1" */;
			buildPhases = (
				A4DAB917299D2BED00417DDF /* Sources */,
				A4DAB918299D2BED00417DDF /* Frameworks */,
				A4DAB919299D2BED00417DDF /* CopyFiles */,
			);
			buildRules = (
			);
			dependencies = (
			);
			name = "Number 1";
			productName = "Number 1";
			productReference = A4DAB91B299D2BED00417DDF /* Number 1 */;
			productType = "com.apple.product-type.tool";
		};
		A4DAB92F29A1408B00417DDF /* Number 1_2 */ = {
			isa = PBXNativeTarget;
			buildConfigurationList = A4DAB93429A1408B00417DDF /* Build configuration list for PBXNativeTarget "Number 1_2" */;
			buildPhases = (
				A4DAB92C29A1408B00417DDF /* Sources */,
				A4DAB92D29A1408B00417DDF /* Frameworks */,
				A4DAB92E29A1408B00417DDF /* CopyFiles */,
			);
			buildRules = (
			);
			dependencies = (
			);
			name = "Number 1_2";
			productName = "Number 1_2";
			productReference = A4DAB93029A1408B00417DDF /* Number 1_2 */;
			productType = "com.apple.product-type.tool";
		};
/* End PBXNativeTarget section */

/* Begin PBXProject section */
		A4DAB905299D2B8C00417DDF /* Project object */ = {
			isa = PBXProject;
			attributes = {
				BuildIndependentTargetsInParallel = 1;
				LastUpgradeCheck = 1420;
				TargetAttributes = {
					A41F8BF329A158A700F1B9DC = {
						CreatedOnToolsVersion = 14.2;
					};
					A4DAB91A299D2BED00417DDF = {
						CreatedOnToolsVersion = 14.2;
					};
					A4DAB92F29A1408B00417DDF = {
						CreatedOnToolsVersion = 14.2;
					};
				};
			};
			buildConfigurationList = A4DAB908299D2B8C00417DDF /* Build configuration list for PBXProject "Structures and Algorithms" */;
			compatibilityVersion = "Xcode 14.0";
			developmentRegion = en;
			hasScannedForEncodings = 0;
			knownRegions = (
				en,
				Base,
			);
			mainGroup = A4DAB904299D2B8C00417DDF;
			productRefGroup = A4DAB90E299D2B8C00417DDF /* Products */;
			projectDirPath = "";
			projectRoot = "";
			targets = (
				A4DAB91A299D2BED00417DDF /* Number 1 */,
				A4DAB92F29A1408B00417DDF /* Number 1_2 */,
				A41F8BF329A158A700F1B9DC /* Number 1_3 */,
			);
		};
/* End PBXProject section */

/* Begin PBXSourcesBuildPhase section */
		A41F8BF029A158A700F1B9DC /* Sources */ = {
			isa = PBXSourcesBuildPhase;
			buildActionMask = 2147483647;
			files = (
				A41F8BF729A158A700F1B9DC /* main.cpp in Sources */,
				A41F8BFE29A22C8500F1B9DC /* functions.cpp in Sources */,
			);
			runOnlyForDeploymentPostprocessing = 0;
		};
		A4DAB917299D2BED00417DDF /* Sources */ = {
			isa = PBXSourcesBuildPhase;
			buildActionMask = 2147483647;
			files = (
				A4DAB91E299D2BED00417DDF /* main.cpp in Sources */,
				A4DAB92A29A13D2300417DDF /* functions.cpp in Sources */,
			);
			runOnlyForDeploymentPostprocessing = 0;
		};
		A4DAB92C29A1408B00417DDF /* Sources */ = {
			isa = PBXSourcesBuildPhase;
			buildActionMask = 2147483647;
			files = (
				A4DAB93329A1408B00417DDF /* main.cpp in Sources */,
				A41F8BED29A141E200F1B9DC /* functions.cpp in Sources */,
			);
			runOnlyForDeploymentPostprocessing = 0;
		};
/* End PBXSourcesBuildPhase section */

/* Begin XCBuildConfiguration section */
		A41F8BF929A158A700F1B9DC /* Debug */ = {
			isa = XCBuildConfiguration;
			buildSettings = {
				CODE_SIGN_STYLE = Automatic;
				DEVELOPMENT_TEAM = UV4BPKP674;
				ENABLE_HARDENED_RUNTIME = YES;
				PRODUCT_NAME = "$(TARGET_NAME)";
			};
			name = Debug;
		};
		A41F8BFA29A158A700F1B9DC /* Release */ = {
			isa = XCBuildConfiguration;
			buildSettings = {
				CODE_SIGN_STYLE = Automatic;
				DEVELOPMENT_TEAM = UV4BPKP674;
				ENABLE_HARDENED_RUNTIME = YES;
				PRODUCT_NAME = "$(TARGET_NAME)";
			};
			name = Release;
		};
		A4DAB912299D2B8C00417DDF /* Debug */ = {
			isa = XCBuildConfiguration;
			buildSettings = {
				ALWAYS_SEARCH_USER_PATHS = NO;
				CLANG_ANALYZER_NONNULL = YES;
				CLANG_ANALYZER_NUMBER_OBJECT_CONVERSION = YES_AGGRESSIVE;
				CLANG_CXX_LANGUAGE_STANDARD = "gnu++20";
				CLANG_ENABLE_MODULES = YES;
				CLANG_ENABLE_OBJC_ARC = YES;
				CLANG_ENABLE_OBJC_WEAK = YES;
				CLANG_WARN_BLOCK_CAPTURE_AUTORELEASING = YES;
				CLANG_WARN_BOOL_CONVERSION = YES;
				CLANG_WARN_COMMA = YES;
				CLANG_WARN_CONSTANT_CONVERSION = YES;
				CLANG_WARN_DEPRECATED_OBJC_IMPLEMENTATIONS = YES;
				CLANG_WARN_DIRECT_OBJC_ISA_USAGE = YES_ERROR;
				CLANG_WARN_DOCUMENTATION_COMMENTS = YES;
				CLANG_WARN_EMPTY_BODY = YES;
				CLANG_WARN_ENUM_CONVERSION = YES;
				CLANG_WARN_INFINITE_RECURSION = YES;
				CLANG_WARN_INT_CONVERSION = YES;
				CLANG_WARN_NON_LITERAL_NULL_CONVERSION = YES;
				CLANG_WARN_OBJC_IMPLICIT_RETAIN_SELF = YES;
				CLANG_WARN_OBJC_LITERAL_CONVERSION = YES;
				CLANG_WARN_OBJC_ROOT_CLASS = YES_ERROR;
				CLANG_WARN_QUOTED_INCLUDE_IN_FRAMEWORK_HEADER = YES;
				CLANG_WARN_RANGE_LOOP_ANALYSIS = YES;
				CLANG_WARN_STRICT_PROTOTYPES = YES;
				CLANG_WARN_SUSPICIOUS_MOVE = YES;
				CLANG_WARN_UNGUARDED_AVAILABILITY = YES_AGGRESSIVE;
				CLANG_WARN_UNREACHABLE_CODE = YES;
				CLANG_WARN__DUPLICATE_METHOD_MATCH = YES;
				COPY_PHASE_STRIP = NO;
				DEBUG_INFORMATION_FORMAT = dwarf;
				ENABLE_STRICT_OBJC_MSGSEND = YES;
				ENABLE_TESTABILITY = YES;
				GCC_C_LANGUAGE_STANDARD = gnu11;
				GCC_DYNAMIC_NO_PIC = NO;
				GCC_NO_COMMON_BLOCKS = YES;
				GCC_OPTIMIZATION_LEVEL = 0;
				GCC_PREPROCESSOR_DEFINITIONS = (
					"DEBUG=1",
					"$(inherited)",
				);
				GCC_WARN_64_TO_32_BIT_CONVERSION = YES;
				GCC_WARN_ABOUT_RETURN_TYPE = YES_ERROR;
				GCC_WARN_UNDECLARED_SELECTOR = YES;
				GCC_WARN_UNINITIALIZED_AUTOS = YES_AGGRESSIVE;
				GCC_WARN_UNUSED_FUNCTION = YES;
				GCC_WARN_UNUSED_VARIABLE = YES;
				MACOSX_DEPLOYMENT_TARGET = 13.1;
				MTL_ENABLE_DEBUG_INFO = INCLUDE_SOURCE;
				MTL_FAST_MATH = YES;
				ONLY_ACTIVE_ARCH = YES;
				SDKROOT = macosx;
			};
			name = Debug;
		};
		A4DAB913299D2B8C00417DDF /* Release */ = {
			isa = XCBuildConfiguration;
			buildSettings = {
				ALWAYS_SEARCH_USER_PATHS = NO;
				CLANG_ANALYZER_NONNULL = YES;
				CLANG_ANALYZER_NUMBER_OBJECT_CONVERSION = YES_AGGRESSIVE;
				CLANG_CXX_LANGUAGE_STANDARD = "gnu++20";
				CLANG_ENABLE_MODULES = YES;
				CLANG_ENABLE_OBJC_ARC = YES;
				CLANG_ENABLE_OBJC_WEAK = YES;
				CLANG_WARN_BLOCK_CAPTURE_AUTORELEASING = YES;
				CLANG_WARN_BOOL_CONVERSION = YES;
				CLANG_WARN_COMMA = YES;
				CLANG_WARN_CONSTANT_CONVERSION = YES;
				CLANG_WARN_DEPRECATED_OBJC_IMPLEMENTATIONS = YES;
				CLANG_WARN_DIRECT_OBJC_ISA_USAGE = YES_ERROR;
				CLANG_WARN_DOCUMENTATION_COMMENTS = YES;
				CLANG_WARN_EMPTY_BODY = YES;
				CLANG_WARN_ENUM_CONVERSION = YES;
				CLANG_WARN_INFINITE_RECURSION = YES;
				CLANG_WARN_INT_CONVERSION = YES;
				CLANG_WARN_NON_LITERAL_NULL_CONVERSION = YES;
				CLANG_WARN_OBJC_IMPLICIT_RETAIN_SELF = YES;
				CLANG_WARN_OBJC_LITERAL_CONVERSION = YES;
				CLANG_WARN_OBJC_ROOT_CLASS = YES_ERROR;
				CLANG_WARN_QUOTED_INCLUDE_IN_FRAMEWORK_HEADER = YES;
				CLANG_WARN_RANGE_LOOP_ANALYSIS = YES;
				CLANG_WARN_STRICT_PROTOTYPES = YES;
				CLANG_WARN_SUSPICIOUS_MOVE = YES;
				CLANG_WARN_UNGUARDED_AVAILABILITY = YES_AGGRESSIVE;
				CLANG_WARN_UNREACHABLE_CODE = YES;
				CLANG_WARN__DUPLICATE_METHOD_MATCH = YES;
				COPY_PHASE_STRIP = NO;
				DEBUG_INFORMATION_FORMAT = "dwarf-with-dsym";
				ENABLE_NS_ASSERTIONS = NO;
				ENABLE_STRICT_OBJC_MSGSEND = YES;
				GCC_C_LANGUAGE_STANDARD = gnu11;
				GCC_NO_COMMON_BLOCKS = YES;
				GCC_WARN_64_TO_32_BIT_CONVERSION = YES;
				GCC_WARN_ABOUT_RETURN_TYPE = YES_ERROR;
				GCC_WARN_UNDECLARED_SELECTOR = YES;
				GCC_WARN_UNINITIALIZED_AUTOS = YES_AGGRESSIVE;
				GCC_WARN_UNUSED_FUNCTION = YES;
				GCC_WARN_UNUSED_VARIABLE = YES;
				MACOSX_DEPLOYMENT_TARGET = 13.1;
				MTL_ENABLE_DEBUG_INFO = NO;
				MTL_FAST_MATH = YES;
				SDKROOT = macosx;
			};
			name = Release;
		};
		A4DAB920299D2BED00417DDF /* Debug */ = {
			isa = XCBuildConfiguration;
			buildSettings = {
				CODE_SIGN_STYLE = Automatic;
				DEVELOPMENT_TEAM = UV4BPKP674;
				ENABLE_HARDENED_RUNTIME = YES;
				PRODUCT_NAME = "$(TARGET_NAME)";
			};
			name = Debug;
		};
		A4DAB921299D2BED00417DDF /* Release */ = {
			isa = XCBuildConfiguration;
			buildSettings = {
				CODE_SIGN_STYLE = Automatic;
				DEVELOPMENT_TEAM = UV4BPKP674;
				ENABLE_HARDENED_RUNTIME = YES;
				PRODUCT_NAME = "$(TARGET_NAME)";
			};
			name = Release;
		};
		A4DAB93529A1408B00417DDF /* Debug */ = {
			isa = XCBuildConfiguration;
			buildSettings = {
				CODE_SIGN_STYLE = Automatic;
				DEVELOPMENT_TEAM = UV4BPKP674;
				ENABLE_HARDENED_RUNTIME = YES;
				PRODUCT_NAME = "$(TARGET_NAME)";
			};
			name = Debug;
		};
		A4DAB93629A1408B00417DDF /* Release */ = {
			isa = XCBuildConfiguration;
			buildSettings = {
				CODE_SIGN_STYLE = Automatic;
				DEVELOPMENT_TEAM = UV4BPKP674;
				ENABLE_HARDENED_RUNTIME = YES;
				PRODUCT_NAME = "$(TARGET_NAME)";
			};
			name = Release;
		};
/* End XCBuildConfiguration section */

/* Begin XCConfigurationList section */
		A41F8BF829A158A700F1B9DC /* Build configuration list for PBXNativeTarget "Number 1_3" */ = {
			isa = XCConfigurationList;
			buildConfigurations = (
				A41F8BF929A158A700F1B9DC /* Debug */,
				A41F8BFA29A158A700F1B9DC /* Release */,
			);
			defaultConfigurationIsVisible = 0;
			defaultConfigurationName = Release;
		};
		A4DAB908299D2B8C00417DDF /* Build configuration list for PBXProject "Structures and Algorithms" */ = {
			isa = XCConfigurationList;
			buildConfigurations = (
				A4DAB912299D2B8C00417DDF /* Debug */,
				A4DAB913299D2B8C00417DDF /* Release */,
			);
			defaultConfigurationIsVisible = 0;
			defaultConfigurationName = Release;
		};
		A4DAB91F299D2BED00417DDF /* Build configuration list for PBXNativeTarget "Number 1" */ = {
			isa = XCConfigurationList;
			buildConfigurations = (
				A4DAB920299D2BED00417DDF /* Debug */,
				A4DAB921299D2BED00417DDF /* Release */,
			);
			defaultConfigurationIsVisible = 0;
			defaultConfigurationName = Release;
		};
		A4DAB93429A1408B00417DDF /* Build configuration list for PBXNativeTarget "Number 1_2" */ = {
			isa = XCConfigurationList;
			buildConfigurations = (
				A4DAB93529A1408B00417DDF /* Debug */,
				A4DAB93629A1408B00417DDF /* Release */,
			);
			defaultConfigurationIsVisible = 0;
			defaultConfigurationName = Release;
		};
/* End XCConfigurationList section */
	};
	rootObject = A4DAB905299D2B8C00417DDF /* Project object */;
}
